
Microsoft Visual Studio Solution File, Format Version 12.00
# Visual Studio Version 17
VisualStudioVersion = 17.7.34031.279
MinimumVisualStudioVersion = 10.0.40219.1
Project("{FAE04EC0-301F-11D3-BF4B-00C04F79EFBC}") = "Tiani - Mefisto", "MefistoTheatreCompany\Tiani - Mefisto.csproj", "{A0813A1C-F612-4BC3-BFFE-303CEBEE1574}"
EndProject
Global
	GlobalSection(SolutionConfigurationPlatforms) = preSolution
		Debug|Any CPU = Debug|Any CPU
		Release|Any CPU = Release|Any CPU
	EndGlobalSection
	GlobalSection(ProjectConfigurationPlatforms) = postSolution
		{A0813A1C-F612-4BC3-BFFE-303CEBEE1574}.Debug|Any CPU.ActiveCfg = Debug|Any CPU
		{A0813A1C-F612-4BC3-BFFE-303CEBEE1574}.Debug|Any CPU.Build.0 = Debug|Any CPU
		{A0813A1C-F612-4BC3-BFFE-303CEBEE1574}.Release|Any CPU.ActiveCfg = Release|Any CPU
		{A0813A1C-F612-4BC3-BFFE-303CEBEE1574}.Release|Any CPU.Build.0 = Release|Any CPU
	EndGlobalSection
	GlobalSection(SolutionProperties) = preSolution
		HideSolutionNode = FALSE
	EndGlobalSection
	GlobalSection(ExtensibilityGlobals) = postSolution
		SolutionGuid = {FCA0C520-4E01-4289-B98D-E800C38CF391}
	EndGlobalSection
EndGlobal
